
Microsoft Visual Studio Solution File, Format Version 11.00
# Visual C# Express 2010
Project("{FAE04EC0-301F-11D3-BF4B-00C04F79EFBC}") = "EXE_Emulator_2000", "EXE_Emulator_2000\EXE_Emulator_2000.csproj", "{014BB447-66C9-4C59-AA7E-EF4AA61269E3}"
EndProject
Global
	GlobalSection(SolutionConfigurationPlatforms) = preSolution
		Debug|x86 = Debug|x86
		Release|x86 = Release|x86
	EndGlobalSection
	GlobalSection(ProjectConfigurationPlatforms) = postSolution
		{014BB447-66C9-4C59-AA7E-EF4AA61269E3}.Debug|x86.ActiveCfg = Debug|x86
		{014BB447-66C9-4C59-AA7E-EF4AA61269E3}.Debug|x86.Build.0 = Debug|x86
		{014BB447-66C9-4C59-AA7E-EF4AA61269E3}.Release|x86.ActiveCfg = Release|x86
		{014BB447-66C9-4C59-AA7E-EF4AA61269E3}.Release|x86.Build.0 = Release|x86
	EndGlobalSection
	GlobalSection(SolutionProperties) = preSolution
		HideSolutionNode = FALSE
	EndGlobalSection
EndGlobal
